lockfileVersion: '6.0'

settings:
  autoInstallPeers: true
  excludeLinksFromLockfile: false

devDependencies:
  '@biomejs/biome':
    specifier: ^1.3.3
    version: 1.6.3
  '@rollup/plugin-node-resolve':
    specifier: ^15.2.3
    version: 15.2.3
  '@rollup/plugin-typescript':
    specifier: ^11.1.5
    version: 11.1.6(typescript@5.4.3)

packages:

  /@biomejs/biome@1.6.3:
    resolution: {integrity: sha512-Xnp/TIpIcTnRA4LwerJuoGYQJEqwXtn5AL0U0OPXll/QGbAKmcUAfizU880xTwZRD4f53iceqODLDaD3wxYlIw==}
    engines: {node: '>=14.*'}
    hasBin: true
    requiresBuild: true
    optionalDependencies:
      '@biomejs/cli-darwin-arm64': 1.6.3
      '@biomejs/cli-darwin-x64': 1.6.3
      '@biomejs/cli-linux-arm64': 1.6.3
      '@biomejs/cli-linux-arm64-musl': 1.6.3
      '@biomejs/cli-linux-x64': 1.6.3
      '@biomejs/cli-linux-x64-musl': 1.6.3
      '@biomejs/cli-win32-arm64': 1.6.3
      '@biomejs/cli-win32-x64': 1.6.3
    dev: true

  /@biomejs/cli-darwin-arm64@1.6.3:
    resolution: {integrity: sha512-0E8PGu3/8HSkBJdtjno+niJE1ANS/12D7sPK65vw5lTBYmmaYwJdfclDp6XO0IAX7uVd3/YtXlsEua0SVrNt3Q==}
    engines: {node: '>=14.*'}
    cpu: [arm64]
    os: [darwin]
    requiresBuild: true
    dev: true
    optional: true

  /@biomejs/cli-darwin-x64@1.6.3:
    resolution: {integrity: sha512-UWu0We/aIRtWXgJKe6ygWt2xR0yXs64BwWqtZbfxBojRn3jgW8UdFAkV5yiUOX3TQlsV6BZH1EQaUAVsccUeeA==}
    engines: {node: '>=14.*'}
    cpu: [x64]
    os: [darwin]
    requiresBuild: true
    dev: true
    optional: true

  /@biomejs/cli-linux-arm64-musl@1.6.3:
    resolution: {integrity: sha512-AntGCSfLN1nPcQj4VOk3X2JgnDw07DaPC8BuBmRcsRmn+7GPSWLllVN5awIKlRPZEbGJtSnLkTiDc5Bxw8OiuA==}
    engines: {node: '>=14.*'}
    cpu: [arm64]
    os: [linux]
    requiresBuild: true
    dev: true
    optional: true

  /@biomejs/cli-linux-arm64@1.6.3:
    resolution: {integrity: sha512-wFVkQw38kOssfnkbpSh6ums5TaElw3RAt5i/VZwHmgR2nQgE0fHXLO7HwIE9VBkOEdbiIFq+2PxvFIHuJF3z3Q==}
    engines: {node: '>=14.*'}
    cpu: [arm64]
    os: [linux]
    requiresBuild: true
    dev: true
    optional: true

  /@biomejs/cli-linux-x64-musl@1.6.3:
    resolution: {integrity: sha512-GelAvGsUwbxfFpKLG+7+dvDmbrfkGqn08sL8CMQrGnhjE1krAqHWiXQsjfmi0UMFdMsk7hbc4oSAP+1+mrXcHQ==}
    engines: {node: '>=14.*'}
    cpu: [x64]
    os: [linux]
    requiresBuild: true
    dev: true
    optional: true

  /@biomejs/cli-linux-x64@1.6.3:
    resolution: {integrity: sha512-vyn8TQaTZg617hjqFitwGmb1St5XXvq6I3vmxU/QFalM74BryMSvYCrYWb2Yw/TkykdEwZTMGYp+SWHRb04fTg==}
    engines: {node: '>=14.*'}
    cpu: [x64]
    os: [linux]
    requiresBuild: true
    dev: true
    optional: true

  /@biomejs/cli-win32-arm64@1.6.3:
    resolution: {integrity: sha512-Gx8N2Tixke6pAI1BniteCVZgUUmaFEDYosdWxoaCus15BZI/7RcBxhsRM0ZL/lC66StSQ8vHl8JBrrld1k570Q==}
    engines: {node: '>=14.*'}
    cpu: [arm64]
    os: [win32]
    requiresBuild: true
    dev: true
    optional: true

  /@biomejs/cli-win32-x64@1.6.3:
    resolution: {integrity: sha512-meungPJw64SqoR7LXY1wG7GC4+4wgpyThdFUMGXa6PCe0BLFOIOcZ9VMj9PstuczMPdgmt/BUMPsj25dK1VO8A==}
    engines: {node: '>=14.*'}
    cpu: [x64]
    os: [win32]
    requiresBuild: true
    dev: true
    optional: true

  /@rollup/plugin-node-resolve@15.2.3:
    resolution: {integrity: sha512-j/lym8nf5E21LwBT4Df1VD6hRO2L2iwUeUmP7litikRsVp1H6NWx20NEp0Y7su+7XGc476GnXXc4kFeZNGmaSQ==}
    engines: {node: '>=14.0.0'}
    peerDependencies:
      rollup: ^2.78.0||^3.0.0||^4.0.0
    peerDependenciesMeta:
      rollup:
        optional: true
    dependencies:
      '@rollup/pluginutils': 5.0.5
      '@types/resolve': 1.20.2
      deepmerge: 4.3.1
      is-builtin-module: 3.2.1
      is-module: 1.0.0
      resolve: 1.22.8
    dev: true

  /@rollup/plugin-typescript@11.1.6(typescript@5.4.3):
    resolution: {integrity: sha512-R92yOmIACgYdJ7dJ97p4K69I8gg6IEHt8M7dUBxN3W6nrO8uUxX5ixl0yU/N3aZTi8WhPuICvOHXQvF6FaykAA==}
    engines: {node: '>=14.0.0'}
    peerDependencies:
      rollup: ^2.14.0||^3.0.0||^4.0.0
      tslib: '*'
      typescript: '>=3.7.0'
    peerDependenciesMeta:
      rollup:
        optional: true
      tslib:
        optional: true
    dependencies:
      '@rollup/pluginutils': 5.1.0
      resolve: 1.22.8
      typescript: 5.4.3
    dev: true

  /@rollup/pluginutils@5.0.5:
    resolution: {integrity: sha512-6aEYR910NyP73oHiJglti74iRyOwgFU4x3meH/H8OJx6Ry0j6cOVZ5X/wTvub7G7Ao6qaHBEaNsV3GLJkSsF+Q==}
    engines: {node: '>=14.0.0'}
    peerDependencies:
      rollup: ^1.20.0||^2.0.0||^3.0.0||^4.0.0
    peerDependenciesMeta:
      rollup:
        optional: true
    dependencies:
      '@types/estree': 1.0.5
      estree-walker: 2.0.2
      picomatch: 2.3.1
    dev: true

  /@rollup/pluginutils@5.1.0:
    resolution: {integrity: sha512-XTIWOPPcpvyKI6L1NHo0lFlCyznUEyPmPY1mc3KpPVDYulHSTvyeLNVW00QTLIAFNhR3kYnJTQHeGqU4M3n09g==}
    engines: {node: '>=14.0.0'}
    peerDependencies:
      rollup: ^1.20.0||^2.0.0||^3.0.0||^4.0.0
    peerDependenciesMeta:
      rollup:
        optional: true
    dependencies:
      '@types/estree': 1.0.5
      estree-walker: 2.0.2
      picomatch: 2.3.1
    dev: true

  /@types/estree@1.0.5:
    resolution: {integrity: sha512-/kYRxGDLWzHOB7q+wtSUQlFrtcdUccpfy+X+9iMBpHK8QLLhx2wIPYuS5DYtR9Wa/YlZAbIovy7qVdB1Aq6Lyw==}
    dev: true

  /@types/resolve@1.20.2:
    resolution: {integrity: sha512-60BCwRFOZCQhDncwQdxxeOEEkbc5dIMccYLwbxsS4TUNeVECQ/pBJ0j09mrHOl/JJvpRPGwO9SvE4nR2Nb/a4Q==}
    dev: true

  /builtin-modules@3.3.0:
    resolution: {integrity: sha512-zhaCDicdLuWN5UbN5IMnFqNMhNfo919sH85y2/ea+5Yg9TsTkeZxpL+JLbp6cgYFS4sRLp3YV4S6yDuqVWHYOw==}
    engines: {node: '>=6'}
    dev: true

  /deepmerge@4.3.1:
    resolution: {integrity: sha512-3sUqbMEc77XqpdNO7FRyRog+eW3ph+GYCbj+rK+uYyRMuwsVy0rMiVtPn+QJlKFvWP/1PYpapqYn0Me2knFn+A==}
    engines: {node: '>=0.10.0'}
    dev: true

  /estree-walker@2.0.2:
    resolution: {integrity: sha512-Rfkk/Mp/DL7JVje3u18FxFujQlTNR2q6QfMSMB7AvCBx91NGj/ba3kCfza0f6dVDbw7YlRf/nDrn7pQrCCyQ/w==}
    dev: true

  /function-bind@1.1.2:
    resolution: {integrity: sha512-7XHNxH7qX9xG5mIwxkhumTox/MIRNcOgDrxWsMt2pAr23WHp6MrRlN7FBSFpCpr+oVO0F744iUgR82nJMfG2SA==}
    dev: true

  /hasown@2.0.2:
    resolution: {integrity: sha512-0hJU9SCPvmMzIBdZFqNPXWa6dqh7WdH0cII9y+CyS8rG3nL48Bclra9HmKhVVUHyPWNH5Y7xDwAB7bfgSjkUMQ==}
    engines: {node: '>= 0.4'}
    dependencies:
      function-bind: 1.1.2
    dev: true

  /is-builtin-module@3.2.1:
    resolution: {integrity: sha512-BSLE3HnV2syZ0FK0iMA/yUGplUeMmNz4AW5fnTunbCIqZi4vG3WjJT9FHMy5D69xmAYBHXQhJdALdpwVxV501A==}
    engines: {node: '>=6'}
    dependencies:
      builtin-modules: 3.3.0
    dev: true

  /is-core-module@2.13.1:
    resolution: {integrity: sha512-hHrIjvZsftOsvKSn2TRYl63zvxsgE0K+0mYMoH6gD4omR5IWB2KynivBQczo3+wF1cCkjzvptnI9Q0sPU66ilw==}
    dependencies:
      hasown: 2.0.2
    dev: true

  /is-module@1.0.0:
    resolution: {integrity: sha512-51ypPSPCoTEIN9dy5Oy+h4pShgJmPCygKfyRCISBI+JoWT/2oJvK8QPxmwv7b/p239jXrm9M1mlQbyKJ5A152g==}
    dev: true

  /path-parse@1.0.7:
    resolution: {integrity: sha512-LDJzPVEEEPR+y48z93A0Ed0yXb8pAByGWo/k5YYdYgpY2/2EsOsksJrq7lOHxryrVOn1ejG6oAp8ahvOIQD8sw==}
    dev: true

  /picomatch@2.3.1:
    resolution: {integrity: sha512-JU3teHTNjmE2VCGFzuY8EXzCDVwEqB2a8fsIvwaStHhAWJEeVd1o1QD80CU6+ZdEXXSLbSsuLwJjkCBWqRQUVA==}
    engines: {node: '>=8.6'}
    dev: true

  /resolve@1.22.8:
    resolution: {integrity: sha512-oKWePCxqpd6FlLvGV1VU0x7bkPmmCNolxzjMf4NczoDnQcIWrAF+cPtZn5i6n+RfD2d9i0tzpKnG6Yk168yIyw==}
    hasBin: true
    dependencies:
      is-core-module: 2.13.1
      path-parse: 1.0.7
      supports-preserve-symlinks-flag: 1.0.0
    dev: true

  /supports-preserve-symlinks-flag@1.0.0:
    resolution: {integrity: sha512-ot0WnXS9fgdkgIcePe6RHNk1WA8+muPa6cSjeR3V8K27q9BB1rTE3R1p7Hv0z1ZyAc8s6Vvv8DIyWf681MAt0w==}
    engines: {node: '>= 0.4'}
    dev: true

  /typescript@5.4.3:
    resolution: {integrity: sha512-KrPd3PKaCLr78MalgiwJnA25Nm8HAmdwN3mYUYZgG/wizIo9EainNVQI9/yDavtVFRN2h3k8uf3GLHuhDMgEHg==}
    engines: {node: '>=14.17'}
    hasBin: true
    dev: true
